
Microsoft Visual Studio Solution File, Format Version 12.00
# Visual Studio 15
VisualStudioVersion = 15.0.27004.2005
MinimumVisualStudioVersion = 10.0.40219.1
Project("{9A19103F-16F7-4668-BE54-9A1E7A4F7556}") = "EcTowerCookEastAlert", "EcTowerCookEastAlert\EcTowerCookEastAlert.csproj", "{E290185F-D18D-4696-AB0B-A5FF8FEFD841}"
EndProject
Project("{9A19103F-16F7-4668-BE54-9A1E7A4F7556}") = "EcTowerCookEastAlert.Tests", "EcTowerCookEastAlert.Test\EcTowerCookEastAlert.Tests.csproj", "{1ACFC632-DC87-43D9-8747-7F995A2C7DE4}"
EndProject
Global
	GlobalSection(SolutionConfigurationPlatforms) = preSolution
		Debug|Any CPU = Debug|Any CPU
		Release|Any CPU = Release|Any CPU
	EndGlobalSection
	GlobalSection(ProjectConfigurationPlatforms) = postSolution
		{E290185F-D18D-4696-AB0B-A5FF8FEFD841}.Debug|Any CPU.ActiveCfg = Debug|Any CPU
		{E290185F-D18D-4696-AB0B-A5FF8FEFD841}.Debug|Any CPU.Build.0 = Debug|Any CPU
		{E290185F-D18D-4696-AB0B-A5FF8FEFD841}.Release|Any CPU.ActiveCfg = Release|Any CPU
		{E290185F-D18D-4696-AB0B-A5FF8FEFD841}.Release|Any CPU.Build.0 = Release|Any CPU
		{1ACFC632-DC87-43D9-8747-7F995A2C7DE4}.Debug|Any CPU.ActiveCfg = Debug|Any CPU
		{1ACFC632-DC87-43D9-8747-7F995A2C7DE4}.Debug|Any CPU.Build.0 = Debug|Any CPU
		{1ACFC632-DC87-43D9-8747-7F995A2C7DE4}.Release|Any CPU.ActiveCfg = Release|Any CPU
		{1ACFC632-DC87-43D9-8747-7F995A2C7DE4}.Release|Any CPU.Build.0 = Release|Any CPU
	EndGlobalSection
	GlobalSection(SolutionProperties) = preSolution
		HideSolutionNode = FALSE
	EndGlobalSection
	GlobalSection(ExtensibilityGlobals) = postSolution
		SolutionGuid = {DF0068C3-3913-4AB8-9251-C47EB44B569F}
	EndGlobalSection
EndGlobal
